
Microsoft Visual Studio Solution File, Format Version 12.00
# Visual Studio Version 16
VisualStudioVersion = 16.0.31019.35
MinimumVisualStudioVersion = 10.0.40219.1
Project("{FAE04EC0-301F-11D3-BF4B-00C04F79EFBC}") = "SmartLaboratorio4", "SmartLaboratorio4\SmartLaboratorio4.csproj", "{B13E17AE-2095-45DE-982C-793788C79DCB}"
EndProject
Global
	GlobalSection(SolutionConfigurationPlatforms) = preSolution
		Debug|Any CPU = Debug|Any CPU
		Release|Any CPU = Release|Any CPU
	EndGlobalSection
	GlobalSection(ProjectConfigurationPlatforms) = postSolution
		{B13E17AE-2095-45DE-982C-793788C79DCB}.Debug|Any CPU.ActiveCfg = Debug|Any CPU
		{B13E17AE-2095-45DE-982C-793788C79DCB}.Debug|Any CPU.Build.0 = Debug|Any CPU
		{B13E17AE-2095-45DE-982C-793788C79DCB}.Release|Any CPU.ActiveCfg = Release|Any CPU
		{B13E17AE-2095-45DE-982C-793788C79DCB}.Release|Any CPU.Build.0 = Release|Any CPU
	EndGlobalSection
	GlobalSection(SolutionProperties) = preSolution
		HideSolutionNode = FALSE
	EndGlobalSection
	GlobalSection(ExtensibilityGlobals) = postSolution
		SolutionGuid = {3FC894D5-0527-4A38-ADB7-2D2EF6963AE4}
	EndGlobalSection
EndGlobal
